<?xml version="1.0" encoding="utf-8"?>
<Project ToolsVersion="4.0" xmlns="http://schemas.microsoft.com/developer/msbuild/2003">
  <ItemGroup>
    <Filter Include="Source Files">
      <UniqueIdentifier>{4FC737F1-C7A5-4376-A066-2A32D752A2FF}</UniqueIdentifier>
      <Extensions>cpp;c;cc;cxx;def;odl;idl;hpj;bat;asm;asmx</Extensions>
    </Filter>
    <Filter Include="Header Files">
      <UniqueIdentifier>{93995380-89BD-4b04-88EB-625FBE52EBFB}</UniqueIdentifier>
      <Extensions>h;hh;hpp;hxx;hm;inl;inc;xsd</Extensions>
    </Filter>
    <Filter Include="Engine Files">
      <UniqueIdentifier>{67DA6AB6-F800-4c08-8B7A-83BB121AAD01}</UniqueIdentifier>
      <Extensions>rc;ico;cur;bmp;dlg;rc2;rct;bin;rgs;gif;jpg;jpeg;jpe;resx;tiff;tif;png;wav;mfcribbon-ms</Extensions>
    </Filter>
    <Filter Include="Engine Files\ImGuiSource">
      <UniqueIdentifier>{c7e60108-9872-4a93-8441-4769972096b1}</UniqueIdentifier>
    </Filter>
  </ItemGroup>
  <ItemGroup>
    <ClCompile Include="..\GAM200\Code\UnitTestMain.cpp">
      <Filter>Source Files</Filter>
    </ClCompile>
    <ClCompile Include="..\GAM200\Code\UnitTestMath.cpp">
      <Filter>Source Files</Filter>
    </ClCompile>
    <ClCompile Include="..\GAM200\Code\Mat2D.cpp">
      <Filter>Engine Files</Filter>
    </ClCompile>
    <ClCompile Include="..\GAM200\Code\Matrix2D.cpp">
      <Filter>Engine Files</Filter>
    </ClCompile>
    <ClCompile Include="..\GAM200\Code\Vec2D.cpp">
      <Filter>Engine Files</Filter>
    </ClCompile>
    <ClCompile Include="..\GAM200\Code\UnitTestComponents.cpp">
      <Filter>Source Files</Filter>
    </ClCompile>
    <ClCompile Include="..\GAM200\Code\Component.cpp">
      <Filter>Engine Files</Filter>
    </ClCompile>
    <ClCompile Include="..\GAM200\Code\System.cpp">
      <Filter>Engine Files</Filter>
    </ClCompile>
    <ClCompile Include="..\GAM200\Code\UnitTestSystems.cpp">
      <Filter>Source Files</Filter>
    </ClCompile>
    <ClCompile Include="..\GAM200\Code\Animation.cpp">
      <Filter>Engine Files</Filter>
    </ClCompile>
    <ClCompile Include="..\GAM200\Code\ObjFactory.cpp">
      <Filter>Engine Files</Filter>
    </ClCompile>
    <ClCompile Include="..\GAM200\Code\ObjManager.cpp">
      <Filter>Engine Files</Filter>
    </ClCompile>
    <ClCompile Include="..\GAM200\Code\Physics.cpp">
      <Filter>Engine Files</Filter>
    </ClCompile>
    <ClCompile Include="..\GAM200\Code\Editor.cpp">
      <Filter>Engine Files</Filter>
    </ClCompile>
    <ClCompile Include="..\GAM200\Code\Engine.cpp">
      <Filter>Engine Files</Filter>
    </ClCompile>
    <ClCompile Include="..\GAM200\Code\ImGuiafx.cpp">
      <Filter>Engine Files</Filter>
    </ClCompile>
    <ClCompile Include="..\GAM200\Code\Trace.cpp">
      <Filter>Engine Files</Filter>
    </ClCompile>
    <ClCompile Include="..\GAM200\Code\Sprite.cpp">
      <Filter>Engine Files</Filter>
    </ClCompile>
    <ClCompile Include="..\GAM200\Code\SpriteSource.cpp">
      <Filter>Engine Files</Filter>
    </ClCompile>
    <ClCompile Include="..\GAM200\Code\Obj.cpp">
      <Filter>Engine Files</Filter>
    </ClCompile>
    <ClCompile Include="..\GAM200\Code\Mesh.cpp">
      <Filter>Engine Files</Filter>
    </ClCompile>
    <ClCompile Include="..\GAM200\Code\Graphics.cpp">
      <Filter>Engine Files</Filter>
    </ClCompile>
    <ClCompile Include="..\GAM200\Code\SpawnerManager.cpp">
      <Filter>Engine Files</Filter>
    </ClCompile>
    <ClCompile Include="..\GAM200\Code\Spawner.cpp">
      <Filter>Engine Files</Filter>
    </ClCompile>
    <ClCompile Include="..\GAM200\Code\Shader.cpp">
      <Filter>Engine Files</Filter>
    </ClCompile>
    <ClCompile Include="..\GAM200\Code\Area.cpp">
      <Filter>Engine Files</Filter>
    </ClCompile>
    <ClCompile Include="..\GAM200\Code\Audio.cpp">
      <Filter>Engine Files</Filter>
    </ClCompile>
    <ClCompile Include="..\GAM200\Code\AudioEngine.cpp">
      <Filter>Engine Files</Filter>
    </ClCompile>
    <ClCompile Include="..\GAM200\Code\Behavior.cpp">
      <Filter>Engine Files</Filter>
    </ClCompile>
    <ClCompile Include="..\GAM200\Code\BehaviorScripts.cpp">
      <Filter>Engine Files</Filter>
    </ClCompile>
    <ClCompile Include="..\GAM200\Code\BehaviorScriptTemplate.cpp">
      <Filter>Engine Files</Filter>
    </ClCompile>
    <ClCompile Include="..\GAM200\Code\CallBacks.cpp">
      <Filter>Engine Files</Filter>
    </ClCompile>
    <ClCompile Include="..\GAM200\Code\Camera.cpp">
      <Filter>Engine Files</Filter>
    </ClCompile>
    <ClCompile Include="..\GAM200\Code\Collect.cpp">
      <Filter>Engine Files</Filter>
    </ClCompile>
    <ClCompile Include="..\GAM200\Code\Collider.cpp">
      <Filter>Engine Files</Filter>
    </ClCompile>
    <ClCompile Include="..\GAM200\Code\ColliderCircle.cpp">
      <Filter>Engine Files</Filter>
    </ClCompile>
    <ClCompile Include="..\GAM200\Code\ColliderSquare.cpp">
      <Filter>Engine Files</Filter>
    </ClCompile>
    <ClCompile Include="..\GAM200\Code\ColliderSys.cpp">
      <Filter>Engine Files</Filter>
    </ClCompile>
    <ClCompile Include="..\GAM200\Code\CompCreator.cpp">
      <Filter>Engine Files</Filter>
    </ClCompile>
    <ClCompile Include="..\GAM200\Code\Controller.cpp">
      <Filter>Engine Files</Filter>
    </ClCompile>
    <ClCompile Include="..\GAM200\Code\Debug.cpp">
      <Filter>Engine Files</Filter>
    </ClCompile>
    <ClCompile Include="..\GAM200\Code\Door.cpp">
      <Filter>Engine Files</Filter>
    </ClCompile>
    <ClCompile Include="..\GAM200\Code\EventManager.cpp">
      <Filter>Engine Files</Filter>
    </ClCompile>
    <ClCompile Include="..\GAM200\Code\FastChase.cpp">
      <Filter>Engine Files</Filter>
    </ClCompile>
    <ClCompile Include="..\GAM200\Code\FileUtils.cpp">
      <Filter>Engine Files</Filter>
    </ClCompile>
    <ClCompile Include="..\GAM200\Code\Font.cpp">
      <Filter>Engine Files</Filter>
    </ClCompile>
    <ClCompile Include="..\GAM200\Code\FrameRateController.cpp">
      <Filter>Engine Files</Filter>
    </ClCompile>
    <ClCompile Include="..\GAM200\Code\GameGs.cpp">
      <Filter>Engine Files</Filter>
    </ClCompile>
    <ClCompile Include="..\GAM200\Code\GameStateManager.cpp">
      <Filter>Engine Files</Filter>
    </ClCompile>
    <ClCompile Include="..\GAM200\Code\GameStateTable.cpp">
      <Filter>Engine Files</Filter>
    </ClCompile>
    <ClCompile Include="..\GAM200\Code\Health.cpp">
      <Filter>Engine Files</Filter>
    </ClCompile>
    <ClCompile Include="..\GAM200\Code\HealthBar.cpp">
      <Filter>Engine Files</Filter>
    </ClCompile>
    <ClCompile Include="..\GAM200\Code\Input.cpp">
      <Filter>Engine Files</Filter>
    </ClCompile>
    <ClCompile Include="..\GAM200\Code\Lantern.cpp">
      <Filter>Engine Files</Filter>
    </ClCompile>
    <ClCompile Include="..\GAM200\Code\Menu.cpp">
      <Filter>Engine Files</Filter>
    </ClCompile>
    <ClCompile Include="..\GAM200\Code\MenuGs.cpp">
      <Filter>Engine Files</Filter>
    </ClCompile>
    <ClCompile Include="..\GAM200\Code\MimicPlayer.cpp">
      <Filter>Engine Files</Filter>
    </ClCompile>
    <ClCompile Include="..\GAM200\Code\ParticleEmitter.cpp">
      <Filter>Engine Files</Filter>
    </ClCompile>
    <ClCompile Include="..\GAM200\Code\PhysicsSys.cpp">
      <Filter>Engine Files</Filter>
    </ClCompile>
    <ClCompile Include="..\GAM200\Code\Player.cpp">
      <Filter>Engine Files</Filter>
    </ClCompile>
    <ClCompile Include="..\GAM200\Code\PushBlock.cpp">
      <Filter>Engine Files</Filter>
    </ClCompile>
    <ClCompile Include="..\GAM200\Code\PushBlockManager.cpp">
      <Filter>Engine Files</Filter>
    </ClCompile>
    <ClCompile Include="..\GAM200\Code\Score.cpp">
      <Filter>Engine Files</Filter>
    </ClCompile>
    <ClCompile Include="..\GAM200\Code\Screen.cpp">
      <Filter>Engine Files</Filter>
    </ClCompile>
    <ClCompile Include="..\GAM200\Code\ScreenManager.cpp">
      <Filter>Engine Files</Filter>
    </ClCompile>
    <ClCompile Include="..\GAM200\Code\Serialization.cpp">
      <Filter>Engine Files</Filter>
    </ClCompile>
    <ClCompile Include="..\GAM200\Code\SlowChase.cpp">
      <Filter>Engine Files</Filter>
    </ClCompile>
    <ClCompile Include="..\GAM200\Code\Spaces.cpp">
      <Filter>Engine Files</Filter>
    </ClCompile>
    <ClCompile Include="..\GAM200\Code\Stats.cpp">
      <Filter>Engine Files</Filter>
    </ClCompile>
    <ClCompile Include="..\GAM200\Code\stdafx.cpp">
      <Filter>Engine Files</Filter>
    </ClCompile>
    <ClCompile Include="..\GAM200\Code\Timer.cpp">
      <Filter>Engine Files</Filter>
    </ClCompile>
    <ClCompile Include="..\GAM200\Code\Transform.cpp">
      <Filter>Engine Files</Filter>
    </ClCompile>
    <ClCompile Include="..\GAM200\Code\Utils.cpp">
      <Filter>Engine Files</Filter>
    </ClCompile>
    <ClCompile Include="..\lib\imgui-master\imgui.cpp">
      <Filter>Engine Files\ImGuiSource</Filter>
    </ClCompile>
    <ClCompile Include="..\lib\imgui-master\imgui_demo.cpp">
      <Filter>Engine Files\ImGuiSource</Filter>
    </ClCompile>
    <ClCompile Include="..\lib\imgui-master\imgui_draw.cpp">
      <Filter>Engine Files\ImGuiSource</Filter>
    </ClCompile>
    <ClCompile Include="..\lib\imgui-master\imgui_impl_glfw.cpp">
      <Filter>Engine Files\ImGuiSource</Filter>
    </ClCompile>
    <ClCompile Include="..\lib\imgui-master\imgui_impl_opengl3.cpp">
      <Filter>Engine Files\ImGuiSource</Filter>
    </ClCompile>
    <ClCompile Include="..\GAM200\Code\PeepHole.cpp">
      <Filter>Engine Files</Filter>
    </ClCompile>
    <ClCompile Include="..\GAM200\Code\Key.cpp">
      <Filter>Engine Files</Filter>
    </ClCompile>
    <ClCompile Include="..\GAM200\Code\Lighting.cpp">
      <Filter>Engine Files</Filter>
    </ClCompile>
    <ClCompile Include="..\GAM200\Code\EventComp.cpp">
      <Filter>Engine Files</Filter>
    </ClCompile>
    <ClCompile Include="..\GAM200\Code\Trigger.cpp">
      <Filter>Engine Files</Filter>
    </ClCompile>
    <ClCompile Include="..\GAM200\Code\Spawn.cpp">
      <Filter>Engine Files</Filter>
    </ClCompile>
    <ClCompile Include="..\GAM200\Code\DebugSystem.cpp">
      <Filter>Engine Files</Filter>
    </ClCompile>
    <ClCompile Include="..\GAM200\Code\TextureSys.cpp">
      <Filter>Engine Files</Filter>
    </ClCompile>
    <ClCompile Include="..\GAM200\Code\Aggro.cpp">
      <Filter>Engine Files</Filter>
    </ClCompile>
    <ClCompile Include="..\GAM200\Code\FlashSprite.cpp">
      <Filter>Engine Files</Filter>
    </ClCompile>
    <ClCompile Include="..\GAM200\Code\SetVisible.cpp">
      <Filter>Engine Files</Filter>
    </ClCompile>
    <ClCompile Include="..\GAM200\Code\SetInvincible.cpp">
      <Filter>Engine Files</Filter>
    </ClCompile>
    <ClCompile Include="..\GAM200\Code\SetActive.cpp">
      <Filter>Engine Files</Filter>
    </ClCompile>
    <ClCompile Include="..\GAM200\Code\SetDoor.cpp">
      <Filter>Engine Files</Filter>
    </ClCompile>
    <ClCompile Include="..\GAM200\Code\ChangeMusic.cpp">
      <Filter>Engine Files</Filter>
    </ClCompile>
    <ClCompile Include="..\GAM200\Code\Inspection.cpp">
      <Filter>Engine Files</Filter>
    </ClCompile>
    <ClCompile Include="..\GAM200\Code\Fade.cpp">
      <Filter>Engine Files</Filter>
    </ClCompile>
    <ClCompile Include="..\GAM200\Code\EndGs.cpp">
      <Filter>Engine Files</Filter>
    </ClCompile>
    <ClCompile Include="..\GAM200\Code\TitleGs.cpp">
      <Filter>Engine Files</Filter>
    </ClCompile>
    <ClCompile Include="..\GAM200\Code\Necromancer.cpp">
      <Filter>Engine Files</Filter>
    </ClCompile>
    <ClCompile Include="..\GAM200\Code\ToggleDark.cpp">
      <Filter>Source Files</Filter>
    </ClCompile>
  </ItemGroup>
  <ItemGroup>
    <ClInclude Include="..\GAM200\Code\UnitTest.h">
      <Filter>Source Files</Filter>
    </ClInclude>
    <ClInclude Include="..\GAM200\Code\Vec2D.h">
      <Filter>Header Files</Filter>
    </ClInclude>
    <ClInclude Include="..\GAM200\Code\Component.h">
      <Filter>Header Files</Filter>
    </ClInclude>
    <ClInclude Include="..\GAM200\Code\Mat2D.h">
      <Filter>Header Files</Filter>
    </ClInclude>
    <ClInclude Include="..\GAM200\Code\Matrix2D.h">
      <Filter>Header Files</Filter>
    </ClInclude>
    <ClInclude Include="..\GAM200\Code\System.h">
      <Filter>Header Files</Filter>
    </ClInclude>
    <ClInclude Include="..\GAM200\Code\Animation.h">
      <Filter>Header Files</Filter>
    </ClInclude>
    <ClInclude Include="..\GAM200\Code\Behavior.h">
      <Filter>Header Files</Filter>
    </ClInclude>
    <ClInclude Include="..\GAM200\Code\BehaviorScripts.h">
      <Filter>Header Files</Filter>
    </ClInclude>
    <ClInclude Include="..\GAM200\Code\Collider.h">
      <Filter>Header Files</Filter>
    </ClInclude>
    <ClInclude Include="..\GAM200\Code\ColliderCircle.h">
      <Filter>Header Files</Filter>
    </ClInclude>
    <ClInclude Include="..\GAM200\Code\ColliderSquare.h">
      <Filter>Header Files</Filter>
    </ClInclude>
    <ClInclude Include="..\GAM200\Code\ColliderSys.h">
      <Filter>Header Files</Filter>
    </ClInclude>
    <ClInclude Include="..\GAM200\Code\Controller.h">
      <Filter>Header Files</Filter>
    </ClInclude>
    <ClInclude Include="..\GAM200\Code\Sprite.h">
      <Filter>Header Files</Filter>
    </ClInclude>
    <ClInclude Include="..\GAM200\Code\SpriteSource.h">
      <Filter>Header Files</Filter>
    </ClInclude>
    <ClInclude Include="..\GAM200\Code\Transform.h">
      <Filter>Header Files</Filter>
    </ClInclude>
    <ClInclude Include="..\GAM200\Code\Obj.h">
      <Filter>Header Files</Filter>
    </ClInclude>
    <ClInclude Include="..\GAM200\Code\ObjFactory.h">
      <Filter>Header Files</Filter>
    </ClInclude>
    <ClInclude Include="..\GAM200\Code\ObjManager.h">
      <Filter>Header Files</Filter>
    </ClInclude>
    <ClInclude Include="..\GAM200\Code\Physics.h">
      <Filter>Header Files</Filter>
    </ClInclude>
    <ClInclude Include="..\GAM200\Code\Editor.h">
      <Filter>Header Files</Filter>
    </ClInclude>
    <ClInclude Include="..\GAM200\Code\Engine.h">
      <Filter>Header Files</Filter>
    </ClInclude>
    <ClInclude Include="..\GAM200\Code\Area.h">
      <Filter>Header Files</Filter>
    </ClInclude>
    <ClInclude Include="..\GAM200\Code\Audio.h">
      <Filter>Header Files</Filter>
    </ClInclude>
    <ClInclude Include="..\GAM200\Code\AudioEngine.h">
      <Filter>Header Files</Filter>
    </ClInclude>
    <ClInclude Include="..\GAM200\Code\BehaviorScriptTemplate.h">
      <Filter>Header Files</Filter>
    </ClInclude>
    <ClInclude Include="..\GAM200\Code\CallBacks.h">
      <Filter>Header Files</Filter>
    </ClInclude>
    <ClInclude Include="..\GAM200\Code\Camera.h">
      <Filter>Header Files</Filter>
    </ClInclude>
    <ClInclude Include="..\GAM200\Code\Collect.h">
      <Filter>Header Files</Filter>
    </ClInclude>
    <ClInclude Include="..\GAM200\Code\ImGuiafx.h">
      <Filter>Header Files</Filter>
    </ClInclude>
    <ClInclude Include="..\GAM200\Code\Trace.h">
      <Filter>Header Files</Filter>
    </ClInclude>
    <ClInclude Include="..\GAM200\Code\Graphics.h">
      <Filter>Header Files</Filter>
    </ClInclude>
    <ClInclude Include="..\GAM200\Code\spawner.h">
      <Filter>Header Files</Filter>
    </ClInclude>
    <ClInclude Include="..\GAM200\Code\SpawnerManager.h">
      <Filter>Header Files</Filter>
    </ClInclude>
    <ClInclude Include="..\GAM200\Code\Shader.h">
      <Filter>Header Files</Filter>
    </ClInclude>
    <ClInclude Include="..\GAM200\Code\CompCreator.h">
      <Filter>Header Files</Filter>
    </ClInclude>
    <ClInclude Include="..\GAM200\Code\Debug.h">
      <Filter>Header Files</Filter>
    </ClInclude>
    <ClInclude Include="..\GAM200\Code\Door.h">
      <Filter>Header Files</Filter>
    </ClInclude>
    <ClInclude Include="..\GAM200\Code\EventManager.h">
      <Filter>Header Files</Filter>
    </ClInclude>
    <ClInclude Include="..\GAM200\Code\Events.h">
      <Filter>Header Files</Filter>
    </ClInclude>
    <ClInclude Include="..\GAM200\Code\FastChase.h">
      <Filter>Header Files</Filter>
    </ClInclude>
    <ClInclude Include="..\GAM200\Code\FileUtils.h">
      <Filter>Header Files</Filter>
    </ClInclude>
    <ClInclude Include="..\GAM200\Code\Font.h">
      <Filter>Header Files</Filter>
    </ClInclude>
    <ClInclude Include="..\GAM200\Code\FrameRateController.h">
      <Filter>Header Files</Filter>
    </ClInclude>
    <ClInclude Include="..\GAM200\Code\GameGs.h">
      <Filter>Header Files</Filter>
    </ClInclude>
    <ClInclude Include="..\GAM200\Code\GameStateManager.h">
      <Filter>Header Files</Filter>
    </ClInclude>
    <ClInclude Include="..\GAM200\Code\GameStateTable.h">
      <Filter>Header Files</Filter>
    </ClInclude>
    <ClInclude Include="..\GAM200\Code\Health.h">
      <Filter>Header Files</Filter>
    </ClInclude>
    <ClInclude Include="..\GAM200\Code\HealthBar.h">
      <Filter>Header Files</Filter>
    </ClInclude>
    <ClInclude Include="..\GAM200\Code\Input.h">
      <Filter>Header Files</Filter>
    </ClInclude>
    <ClInclude Include="..\GAM200\Code\Lantern.h">
      <Filter>Header Files</Filter>
    </ClInclude>
    <ClInclude Include="..\GAM200\Code\Menu.h">
      <Filter>Header Files</Filter>
    </ClInclude>
    <ClInclude Include="..\GAM200\Code\MenuGs.h">
      <Filter>Header Files</Filter>
    </ClInclude>
    <ClInclude Include="..\GAM200\Code\Mesh.h">
      <Filter>Header Files</Filter>
    </ClInclude>
    <ClInclude Include="..\GAM200\Code\MimicPlayer.h">
      <Filter>Header Files</Filter>
    </ClInclude>
    <ClInclude Include="..\GAM200\Code\ParticleEmitter.h">
      <Filter>Header Files</Filter>
    </ClInclude>
    <ClInclude Include="..\GAM200\Code\PhysicsSys.h">
      <Filter>Header Files</Filter>
    </ClInclude>
    <ClInclude Include="..\GAM200\Code\Player.h">
      <Filter>Header Files</Filter>
    </ClInclude>
    <ClInclude Include="..\GAM200\Code\PushBlock.h">
      <Filter>Header Files</Filter>
    </ClInclude>
    <ClInclude Include="..\GAM200\Code\PushBlockManager.h">
      <Filter>Header Files</Filter>
    </ClInclude>
    <ClInclude Include="..\GAM200\Code\Score.h">
      <Filter>Header Files</Filter>
    </ClInclude>
    <ClInclude Include="..\GAM200\Code\Screen.h">
      <Filter>Header Files</Filter>
    </ClInclude>
    <ClInclude Include="..\GAM200\Code\ScreenManager.h">
      <Filter>Header Files</Filter>
    </ClInclude>
    <ClInclude Include="..\GAM200\Code\Serialization.h">
      <Filter>Header Files</Filter>
    </ClInclude>
    <ClInclude Include="..\GAM200\Code\SlowChase.h">
      <Filter>Header Files</Filter>
    </ClInclude>
    <ClInclude Include="..\GAM200\Code\Spaces.h">
      <Filter>Header Files</Filter>
    </ClInclude>
    <ClInclude Include="..\GAM200\Code\Stats.h">
      <Filter>Header Files</Filter>
    </ClInclude>
    <ClInclude Include="..\GAM200\Code\stdafx.h">
      <Filter>Header Files</Filter>
    </ClInclude>
    <ClInclude Include="..\GAM200\Code\targetver.h">
      <Filter>Header Files</Filter>
    </ClInclude>
    <ClInclude Include="..\GAM200\Code\Timer.h">
      <Filter>Header Files</Filter>
    </ClInclude>
    <ClInclude Include="..\GAM200\Code\Utils.h">
      <Filter>Header Files</Filter>
    </ClInclude>
    <ClInclude Include="..\lib\imgui-master\imconfig.h">
      <Filter>Engine Files\ImGuiSource</Filter>
    </ClInclude>
    <ClInclude Include="..\lib\imgui-master\imgui.h">
      <Filter>Engine Files\ImGuiSource</Filter>
    </ClInclude>
    <ClInclude Include="..\lib\imgui-master\imgui_impl_glfw.h">
      <Filter>Engine Files\ImGuiSource</Filter>
    </ClInclude>
    <ClInclude Include="..\lib\imgui-master\imgui_impl_opengl3.h">
      <Filter>Engine Files\ImGuiSource</Filter>
    </ClInclude>
    <ClInclude Include="..\lib\imgui-master\imgui_internal.h">
      <Filter>Engine Files\ImGuiSource</Filter>
    </ClInclude>
    <ClInclude Include="..\GAM200\Code\PeepHole.h">
      <Filter>Header Files</Filter>
    </ClInclude>
    <ClInclude Include="..\GAM200\Code\Key.h">
      <Filter>Header Files</Filter>
    </ClInclude>
    <ClInclude Include="..\GAM200\Code\EventComp.h">
      <Filter>Header Files</Filter>
    </ClInclude>
    <ClInclude Include="..\GAM200\Code\Trigger.h">
      <Filter>Header Files</Filter>
    </ClInclude>
    <ClInclude Include="..\GAM200\Code\Spawn.h">
      <Filter>Header Files</Filter>
    </ClInclude>
    <ClInclude Include="..\GAM200\Code\DebugSystem.h">
      <Filter>Header Files</Filter>
    </ClInclude>
    <ClInclude Include="..\GAM200\Code\Aggro.h">
      <Filter>Engine Files</Filter>
    </ClInclude>
    <ClInclude Include="..\GAM200\Code\FlashSprite.h">
      <Filter>Engine Files</Filter>
    </ClInclude>
    <ClInclude Include="..\GAM200\Code\SetVisible.h">
      <Filter>Engine Files</Filter>
    </ClInclude>
    <ClInclude Include="..\GAM200\Code\SetInvincible.h">
      <Filter>Engine Files</Filter>
    </ClInclude>
    <ClInclude Include="..\GAM200\Code\SetActive.h">
      <Filter>Engine Files</Filter>
    </ClInclude>
    <ClInclude Include="..\GAM200\Code\SetDoor.h">
      <Filter>Engine Files</Filter>
    </ClInclude>
    <ClInclude Include="..\GAM200\Code\ChangeMusic.h">
      <Filter>Engine Files</Filter>
    </ClInclude>
    <ClInclude Include="..\GAM200\Code\Inspection.h">
      <Filter>Engine Files</Filter>
    </ClInclude>
    <ClInclude Include="..\GAM200\Code\Fade.h">
      <Filter>Engine Files</Filter>
    </ClInclude>
    <ClInclude Include="..\GAM200\Code\EndGs.h">
      <Filter>Header Files</Filter>
    </ClInclude>
    <ClInclude Include="..\GAM200\Code\TitleGs.h">
      <Filter>Engine Files</Filter>
    </ClInclude>
    <ClInclude Include="..\GAM200\Code\Necromancer.h">
      <Filter>Header Files</Filter>
    </ClInclude>
    <ClInclude Include="..\GAM200\Code\ToggleDark.h">
      <Filter>Header Files</Filter>
    </ClInclude>
  </ItemGroup>
</Project>